
Microsoft Visual Studio Solution File, Format Version 12.00
# Visual Studio Version 17
VisualStudioVersion = 17.10.34928.147
MinimumVisualStudioVersion = 10.0.40219.1
Project("{9A19103F-16F7-4668-BE54-9A1E7A4F7556}") = "BillingPOC", "BillingPOC\BillingPOC.csproj", "{FEAD3541-61E8-472F-8B9F-D778DD26E9A0}"
EndProject
Project("{9A19103F-16F7-4668-BE54-9A1E7A4F7556}") = "BillingPOC.Core", "BillingPOC.Core\BillingPOC.Core.csproj", "{D42F76CB-897F-4643-82B1-808D9AD230E9}"
EndProject
Project("{9A19103F-16F7-4668-BE54-9A1E7A4F7556}") = "BillingPOC.Core.Interfaces", "BillingPOC.Core.Interfaces\BillingPOC.Core.Interfaces.csproj", "{4F8A9F3A-AAF4-4561-ADD5-1979C66EF1EE}"
EndProject
Project("{9A19103F-16F7-4668-BE54-9A1E7A4F7556}") = "BillingPOC.BLL", "BillingPOC.BLL\BillingPOC.BLL.csproj", "{5325EAEF-9F8A-4D31-9C5D-B46F53E2D095}"
EndProject
Project("{9A19103F-16F7-4668-BE54-9A1E7A4F7556}") = "BillingPOC.DAL", "BillingPOC.DAL\BillingPOC.DAL.csproj", "{FBDB6C2F-1CA0-4787-B4F4-28C8DE40422D}"
EndProject
Project("{FAE04EC0-301F-11D3-BF4B-00C04F79EFBC}") = "BillingPOC.Flow", "BillingPOC.Flow\BillingPOC.Flow.csproj", "{657CA638-7422-4700-9D96-4898F72C136A}"
EndProject
Global
	GlobalSection(SolutionConfigurationPlatforms) = preSolution
		Debug|Any CPU = Debug|Any CPU
		Release|Any CPU = Release|Any CPU
	EndGlobalSection
	GlobalSection(ProjectConfigurationPlatforms) = postSolution
		{FEAD3541-61E8-472F-8B9F-D778DD26E9A0}.Debug|Any CPU.ActiveCfg = Debug|Any CPU
		{FEAD3541-61E8-472F-8B9F-D778DD26E9A0}.Debug|Any CPU.Build.0 = Debug|Any CPU
		{FEAD3541-61E8-472F-8B9F-D778DD26E9A0}.Release|Any CPU.ActiveCfg = Release|Any CPU
		{FEAD3541-61E8-472F-8B9F-D778DD26E9A0}.Release|Any CPU.Build.0 = Release|Any CPU
		{D42F76CB-897F-4643-82B1-808D9AD230E9}.Debug|Any CPU.ActiveCfg = Debug|Any CPU
		{D42F76CB-897F-4643-82B1-808D9AD230E9}.Debug|Any CPU.Build.0 = Debug|Any CPU
		{D42F76CB-897F-4643-82B1-808D9AD230E9}.Release|Any CPU.ActiveCfg = Release|Any CPU
		{D42F76CB-897F-4643-82B1-808D9AD230E9}.Release|Any CPU.Build.0 = Release|Any CPU
		{4F8A9F3A-AAF4-4561-ADD5-1979C66EF1EE}.Debug|Any CPU.ActiveCfg = Debug|Any CPU
		{4F8A9F3A-AAF4-4561-ADD5-1979C66EF1EE}.Debug|Any CPU.Build.0 = Debug|Any CPU
		{4F8A9F3A-AAF4-4561-ADD5-1979C66EF1EE}.Release|Any CPU.ActiveCfg = Release|Any CPU
		{4F8A9F3A-AAF4-4561-ADD5-1979C66EF1EE}.Release|Any CPU.Build.0 = Release|Any CPU
		{5325EAEF-9F8A-4D31-9C5D-B46F53E2D095}.Debug|Any CPU.ActiveCfg = Debug|Any CPU
		{5325EAEF-9F8A-4D31-9C5D-B46F53E2D095}.Debug|Any CPU.Build.0 = Debug|Any CPU
		{5325EAEF-9F8A-4D31-9C5D-B46F53E2D095}.Release|Any CPU.ActiveCfg = Release|Any CPU
		{5325EAEF-9F8A-4D31-9C5D-B46F53E2D095}.Release|Any CPU.Build.0 = Release|Any CPU
		{FBDB6C2F-1CA0-4787-B4F4-28C8DE40422D}.Debug|Any CPU.ActiveCfg = Debug|Any CPU
		{FBDB6C2F-1CA0-4787-B4F4-28C8DE40422D}.Debug|Any CPU.Build.0 = Debug|Any CPU
		{FBDB6C2F-1CA0-4787-B4F4-28C8DE40422D}.Release|Any CPU.ActiveCfg = Release|Any CPU
		{FBDB6C2F-1CA0-4787-B4F4-28C8DE40422D}.Release|Any CPU.Build.0 = Release|Any CPU
		{657CA638-7422-4700-9D96-4898F72C136A}.Debug|Any CPU.ActiveCfg = Debug|Any CPU
		{657CA638-7422-4700-9D96-4898F72C136A}.Debug|Any CPU.Build.0 = Debug|Any CPU
		{657CA638-7422-4700-9D96-4898F72C136A}.Release|Any CPU.ActiveCfg = Release|Any CPU
		{657CA638-7422-4700-9D96-4898F72C136A}.Release|Any CPU.Build.0 = Release|Any CPU
	EndGlobalSection
	GlobalSection(SolutionProperties) = preSolution
		HideSolutionNode = FALSE
	EndGlobalSection
	GlobalSection(ExtensibilityGlobals) = postSolution
		SolutionGuid = {AE74E044-5101-4851-8634-C04DDF98775A}
	EndGlobalSection
EndGlobal
